
Microsoft Visual Studio Solution File, Format Version 12.00
# Visual Studio Version 17
VisualStudioVersion = 17.8.34316.72
MinimumVisualStudioVersion = 10.0.40219.1
Project("{FAE04EC0-301F-11D3-BF4B-00C04F79EFBC}") = "kitsune animes", "progeto anime fantasi\kitsune animes.csproj", "{8B40E2AB-5A9B-418A-A884-DC5598A57EB4}"
EndProject
Global
	GlobalSection(SolutionConfigurationPlatforms) = preSolution
		Debug|Any CPU = Debug|Any CPU
		Release|Any CPU = Release|Any CPU
	EndGlobalSection
	GlobalSection(ProjectConfigurationPlatforms) = postSolution
		{8B40E2AB-5A9B-418A-A884-DC5598A57EB4}.Debug|Any CPU.ActiveCfg = Debug|Any CPU
		{8B40E2AB-5A9B-418A-A884-DC5598A57EB4}.Debug|Any CPU.Build.0 = Debug|Any CPU
		{8B40E2AB-5A9B-418A-A884-DC5598A57EB4}.Release|Any CPU.ActiveCfg = Release|Any CPU
		{8B40E2AB-5A9B-418A-A884-DC5598A57EB4}.Release|Any CPU.Build.0 = Release|Any CPU
	EndGlobalSection
	GlobalSection(SolutionProperties) = preSolution
		HideSolutionNode = FALSE
	EndGlobalSection
	GlobalSection(ExtensibilityGlobals) = postSolution
		SolutionGuid = {CC2F8842-40EA-4B95-B575-F0228721F7C9}
	EndGlobalSection
EndGlobal
